{
  "nodes": {
    "nixpkgs": {
      "locked": {
        "lastModified": 1782625347,
        "narHash": "sha256-Jk1bzoynhAdsIzxQH3nqIVnj2X2QcoPDoOclbB8vdY0=",
        "ref": "refs/heads/master",
        "rev": "126015c9f35181565b8c30c5e220547f3fc056d2",
        "revCount": 1023778,
        "type": "git",
        "url": "https://mirrors.tuna.tsinghua.edu.cn/git/nixpkgs.git"
      },
      "original": {
        "type": "git",
        "url": "https://mirrors.tuna.tsinghua.edu.cn/git/nixpkgs.git"
      }
    },
    "root": {
      "inputs": {
        "nixpkgs": "nixpkgs"
      }
    }
  },
  "root": "root",
  "version": 7
}
